
Microsoft Visual Studio Solution File, Format Version 12.00
# Visual Studio Express 2013 for Windows Desktop
VisualStudioVersion = 12.0.30723.0
MinimumVisualStudioVersion = 10.0.40219.1
Project("{FAE04EC0-301F-11D3-BF4B-00C04F79EFBC}") = "QL_LexerTester", "QL_LexerTester\QL_LexerTester.csproj", "{B1C009A8-D561-46CE-914D-095E50969FF9}"
EndProject
Project("{FAE04EC0-301F-11D3-BF4B-00C04F79EFBC}") = "AQProbaCL", "..\..\AQProbaCL\AQProbaCL\AQProbaCL.csproj", "{8F21AB06-04AC-4C5C-B8BF-3D3D151AA9E1}"
EndProject
Global
	GlobalSection(SolutionConfigurationPlatforms) = preSolution
		Debug|Any CPU = Debug|Any CPU
		Release|Any CPU = Release|Any CPU
	EndGlobalSection
	GlobalSection(ProjectConfigurationPlatforms) = postSolution
		{B1C009A8-D561-46CE-914D-095E50969FF9}.Debug|Any CPU.ActiveCfg = Debug|Any CPU
		{B1C009A8-D561-46CE-914D-095E50969FF9}.Debug|Any CPU.Build.0 = Debug|Any CPU
		{B1C009A8-D561-46CE-914D-095E50969FF9}.Release|Any CPU.ActiveCfg = Release|Any CPU
		{B1C009A8-D561-46CE-914D-095E50969FF9}.Release|Any CPU.Build.0 = Release|Any CPU
		{8F21AB06-04AC-4C5C-B8BF-3D3D151AA9E1}.Debug|Any CPU.ActiveCfg = Debug|Any CPU
		{8F21AB06-04AC-4C5C-B8BF-3D3D151AA9E1}.Debug|Any CPU.Build.0 = Debug|Any CPU
		{8F21AB06-04AC-4C5C-B8BF-3D3D151AA9E1}.Release|Any CPU.ActiveCfg = Release|Any CPU
		{8F21AB06-04AC-4C5C-B8BF-3D3D151AA9E1}.Release|Any CPU.Build.0 = Release|Any CPU
	EndGlobalSection
	GlobalSection(SolutionProperties) = preSolution
		HideSolutionNode = FALSE
	EndGlobalSection
EndGlobal
